{
  "name": "certbot-dns-vultr",
  "version": "2.0.0",
  "lockfileVersion": 1,
  "requires": true,
  "dependencies": {
    "@vultr/vultr-node": {
      "version": "2.0.1",
      "resolved": "https://registry.npmjs.org/@vultr/vultr-node/-/vultr-node-2.0.1.tgz",
      "integrity": "sha512-Bmo1tsk2T8wG7KZca4TV/6dRkQTPlyIhVNJjB04mcZ4EWjSg4oLj4Ol2X0I+bTy9tLm4oCOHqM3RcBlmwCudQw==",
      "requires": {
        "node-fetch": "^2.6.0"
      }
    },
    "commander": {
      "version": "7.1.0",
      "resolved": "https://registry.npmjs.org/commander/-/commander-7.1.0.tgz",
      "integrity": "sha512-pRxBna3MJe6HKnBGsDyMv8ETbptw3axEdYHoqNh7gu5oDcew8fs0xnivZGm06Ogk8zGAJ9VX+OPEr2GXEQK4dg=="
    },
    "node-fetch": {
      "version": "2.6.1",
      "resolved": "https://registry.npmjs.org/node-fetch/-/node-fetch-2.6.1.tgz",
      "integrity": "sha512-V4aYg89jEoVRxRb2fJdAg8FHvI7cEyYdVAh94HH0UIK8oJxUfkjlDQN9RbMx+bEjP7+ggMiFRprSti032Oipxw=="
    }
  }
}
